
Microsoft Visual Studio Solution File, Format Version 12.00
# Visual Studio Version 17
VisualStudioVersion = 17.10.35122.118
MinimumVisualStudioVersion = 10.0.40219.1
Project("{FAE04EC0-301F-11D3-BF4B-00C04F79EFBC}") = "CatalogoRevistas2", "CatalogoRevistas2.csproj", "{38B12E5A-EB2F-4EE1-BEE1-486203ACC4DC}"
EndProject
Global
	GlobalSection(SolutionConfigurationPlatforms) = preSolution
		Debug|Any CPU = Debug|Any CPU
		Release|Any CPU = Release|Any CPU
	EndGlobalSection
	GlobalSection(ProjectConfigurationPlatforms) = postSolution
		{38B12E5A-EB2F-4EE1-BEE1-486203ACC4DC}.Debug|Any CPU.ActiveCfg = Debug|Any CPU
		{38B12E5A-EB2F-4EE1-BEE1-486203ACC4DC}.Debug|Any CPU.Build.0 = Debug|Any CPU
		{38B12E5A-EB2F-4EE1-BEE1-486203ACC4DC}.Release|Any CPU.ActiveCfg = Release|Any CPU
		{38B12E5A-EB2F-4EE1-BEE1-486203ACC4DC}.Release|Any CPU.Build.0 = Release|Any CPU
	EndGlobalSection
	GlobalSection(SolutionProperties) = preSolution
		HideSolutionNode = FALSE
	EndGlobalSection
	GlobalSection(ExtensibilityGlobals) = postSolution
		SolutionGuid = {0BB5E2CD-9093-45F4-81DC-4527EBCE750C}
	EndGlobalSection
EndGlobal
